lockfileVersion: '9.0'

settings:
  autoInstallPeers: true
  excludeLinksFromLockfile: false

importers:

  .:
    dependencies:
      cypress:
        specifier: ^14.0.2
        version: 14.0.2

packages:

  '@colors/colors@1.5.0':
    resolution: {integrity: sha1-u1BFecHK6SPmV2pPXaQ9Jfl729k=}
    engines: {node: '>=0.1.90'}

  '@cypress/request@3.0.7':
    resolution: {integrity: sha1-anSk2pjZ5a6RIdbi2cFHgMm1zxo=}
    engines: {node: '>= 6'}

  '@cypress/xvfb@1.2.4':
    resolution: {integrity: sha1-La9C6CdbOfSqU8FCFOVXvRTndIo=}

  '@types/node@22.13.1':
    resolution: {integrity: sha1-oqP++963umuJ9ANxhCFi+sCTTzM=}

  '@types/sinonjs__fake-timers@8.1.1':
    resolution: {integrity: sha1-tJwscBUBQaFeD6fnnPH5KnKTTOM=}

  '@types/sizzle@2.3.9':
    resolution: {integrity: sha1-1Fl9vUYYJkxBTXQpNj4/UKy2bqI=}

  '@types/yauzl@2.10.3':
    resolution: {integrity: sha1-6bKAi08QlQSgPNqVglmHb2EBeZk=}

  aggregate-error@3.1.0:
    resolution: {integrity: sha1-kmcP9Q9TWb23o+DUDQ7DDFc3aHo=}
    engines: {node: '>=8'}

  ansi-colors@4.1.3:
    resolution: {integrity: sha1-N2ETQOsiQ+cMxgTK011jJw1IeBs=}
    engines: {node: '>=6'}

  ansi-escapes@4.3.2:
    resolution: {integrity: sha1-ayKR0dt9mLZSHV8e+kLQ86n+tl4=}
    engines: {node: '>=8'}

  ansi-regex@5.0.1:
    resolution: {integrity: sha1-CCyyyJyf6GWaMRpTvWpNxTAdswQ=}
    engines: {node: '>=8'}

  ansi-styles@4.3.0:
    resolution: {integrity: sha1-7dgDYornHATIWuegkG7a00tkiTc=}
    engines: {node: '>=8'}

  arch@2.2.0:
    resolution: {integrity: sha1-G8R4GPMFdk8jqzMGsL/AhsWinRE=}

  asn1@0.2.6:
    resolution: {integrity: sha1-DTp7tuZOAqkMAwOzHykoaOoJoI0=}

  assert-plus@1.0.0:
    resolution: {integrity: sha1-8S4PPF13sLHN2RRpQuTpbB5N1SU=}
    engines: {node: '>=0.8'}

  astral-regex@2.0.0:
    resolution: {integrity: sha1-SDFDxWeu7UeFdZwIZXhtx319LjE=}
    engines: {node: '>=8'}

  async@3.2.6:
    resolution: {integrity: sha1-Gwco4Ukp1RuFtEm38G4nwRReOM4=}

  asynckit@0.4.0:
    resolution: {integrity: sha1-x57Zf380y48robyXkLzDZkdLS3k=}

  at-least-node@1.0.0:
    resolution: {integrity: sha1-YCzUtG6EStTv/JKoARo8RuAjjcI=}
    engines: {node: '>= 4.0.0'}

  aws-sign2@0.7.0:
    resolution: {integrity: sha1-tG6JCTSpWR8tL2+G1+ap8bP+dqg=}

  aws4@1.13.2:
    resolution: {integrity: sha1-CqFnIWllrJR0zPqDiSz7az4eUu8=}

  base64-js@1.5.1:
    resolution: {integrity: sha1-GxtEAWClv3rUC2UPCVljSBkDkwo=}

  bcrypt-pbkdf@1.0.2:
    resolution: {integrity: sha1-pDAdOJtqQ/m2f/PKEaP2Y342Dp4=}

  blob-util@2.0.2:
    resolution: {integrity: sha1-O048KBERu38REoUYAGzcYLQDoes=}

  bluebird@3.7.2:
    resolution: {integrity: sha1-nyKcFb4nJFT/qXOs4NvueaGww28=}

  buffer-crc32@0.2.13:
    resolution: {integrity: sha1-DTM+PwDqxQqhRUq9MO+MKl2ackI=}

  buffer@5.7.1:
    resolution: {integrity: sha1-umLnwTEzBTWCGXFghRqPZI6Z7tA=}

  cachedir@2.4.0:
    resolution: {integrity: sha1-f++c9zZyM9fIgGj+bjTtDTVaYQ0=}
    engines: {node: '>=6'}

  call-bind-apply-helpers@1.0.1:
    resolution: {integrity: sha1-MuWJLmNhspsLVFum93YzeNrKKEA=}
    engines: {node: '>= 0.4'}

  call-bound@1.0.3:
    resolution: {integrity: sha1-Qc/QMrWT45F2pxUzq084SqBP1oE=}
    engines: {node: '>= 0.4'}

  caseless@0.12.0:
    resolution: {integrity: sha1-G2gcIf+EAzyCZUMJBolCDRhxUdw=}

  chalk@4.1.2:
    resolution: {integrity: sha1-qsTit3NKdAhnrrFr8CqtVWoeegE=}
    engines: {node: '>=10'}

  check-more-types@2.24.0:
    resolution: {integrity: sha1-FCD/sQ/URNz8ebQ4kbv//TKoRgA=}
    engines: {node: '>= 0.8.0'}

  ci-info@4.1.0:
    resolution: {integrity: sha1-kjGdL6KdJiAYDqWv7TH1ibyYz4M=}
    engines: {node: '>=8'}

  clean-stack@2.2.0:
    resolution: {integrity: sha1-7oRy27Ep5yezHooQpCfe6d/kAIs=}
    engines: {node: '>=6'}

  cli-cursor@3.1.0:
    resolution: {integrity: sha1-JkMFp65JDR0Dvwybp8kl0XU68wc=}
    engines: {node: '>=8'}

  cli-table3@0.6.5:
    resolution: {integrity: sha1-ATuRNRdic5wWqVZ8IaBGMuRJvy8=}
    engines: {node: 10.* || >= 12.*}

  cli-truncate@2.1.0:
    resolution: {integrity: sha1-w54ovwXtzeW+O5iZKiLe7Vork8c=}
    engines: {node: '>=8'}

  color-convert@2.0.1:
    resolution: {integrity: sha1-ctOmjVmMm9s68q0ehPIdiWq9TeM=}
    engines: {node: '>=7.0.0'}

  color-name@1.1.4:
    resolution: {integrity: sha1-wqCah6y95pVD3m9j+jmVyCbFNqI=}

  colorette@2.0.20:
    resolution: {integrity: sha1-nreT5oMwZ/cjWQL807CZF6AAqVo=}

  combined-stream@1.0.8:
    resolution: {integrity: sha1-w9RaizT9cwYxoRCoolIGgrMdWn8=}
    engines: {node: '>= 0.8'}

  commander@6.2.1:
    resolution: {integrity: sha1-B5LraC37wyWZm7K4T93duhEKxzw=}
    engines: {node: '>= 6'}

  common-tags@1.8.2:
    resolution: {integrity: sha1-lOuzwHbSYDJ0X9VPrOf2iO9aycY=}
    engines: {node: '>=4.0.0'}

  core-util-is@1.0.2:
    resolution: {integrity: sha1-tf1UIgqivFq1eqtxQMlAdUUDwac=}

  cross-spawn@7.0.6:
    resolution: {integrity: sha1-ilj+ePANzXDDcEUXWd+/rwPo7p8=}
    engines: {node: '>= 8'}

  cypress@14.0.2:
    resolution: {integrity: sha1-bUgRaFpDkR9waQvwsqu++ZEZBBI=}
    engines: {node: ^18.0.0 || ^20.0.0 || >=22.0.0}
    hasBin: true

  dashdash@1.14.1:
    resolution: {integrity: sha1-hTz6D3y+L+1d4gMmuN1YEDX24vA=}
    engines: {node: '>=0.10'}

  dayjs@1.11.13:
    resolution: {integrity: sha1-kkMLATkFXD67YBUKoT6GCktaNmw=}

  debug@3.2.7:
    resolution: {integrity: sha1-clgLfpFF+zm2Z2+cXl+xALk0F5o=}
    peerDependencies:
      supports-color: '*'
    peerDependenciesMeta:
      supports-color:
        optional: true

  debug@4.4.0:
    resolution: {integrity: sha1-Kz8q6i/+t3ZHdGAmc3fchxD6uoo=}
    engines: {node: '>=6.0'}
    peerDependencies:
      supports-color: '*'
    peerDependenciesMeta:
      supports-color:
        optional: true

  delayed-stream@1.0.0:
    resolution: {integrity: sha1-3zrhmayt+31ECqrgsp4icrJOxhk=}
    engines: {node: '>=0.4.0'}

  dunder-proto@1.0.1:
    resolution: {integrity: sha1-165mfh3INIL4tw/Q9u78UNow9Yo=}
    engines: {node: '>= 0.4'}

  ecc-jsbn@0.1.2:
    resolution: {integrity: sha1-OoOpBOVDUyh4dMVkt1SThoSamMk=}

  emoji-regex@8.0.0:
    resolution: {integrity: sha1-6Bj9ac5cz8tARZT4QpY79TFkzDc=}

  end-of-stream@1.4.4:
    resolution: {integrity: sha1-WuZKX0UFe682JuwU2gyl5LJDHrA=}

  enquirer@2.4.1:
    resolution: {integrity: sha1-kzNLP710/HCXsiSrSo+35Av0rlY=}
    engines: {node: '>=8.6'}

  es-define-property@1.0.1:
    resolution: {integrity: sha1-mD6y+aZyTpMD9hrd8BHHLgngsPo=}
    engines: {node: '>= 0.4'}

  es-errors@1.3.0:
    resolution: {integrity: sha1-BfdaJdq5jk+x3NXhRywFRtUFfI8=}
    engines: {node: '>= 0.4'}

  es-object-atoms@1.1.1:
    resolution: {integrity: sha1-HE8sSDcydZfOadLKGQp/3RcjOME=}
    engines: {node: '>= 0.4'}

  escape-string-regexp@1.0.5:
    resolution: {integrity: sha1-G2HAViGQqN/2rjuyzwIAyhMLhtQ=}
    engines: {node: '>=0.8.0'}

  eventemitter2@6.4.7:
    resolution: {integrity: sha1-p/bE16vyihTB7zRC8hyzBqBUJx0=}

  execa@4.1.0:
    resolution: {integrity: sha1-TlSRrRVy8vF6d9OIxshXE1sihHo=}
    engines: {node: '>=10'}

  executable@4.1.1:
    resolution: {integrity: sha1-QVMr/zYdPlevTXY7cFgtsY9dEzw=}
    engines: {node: '>=4'}

  extend@3.0.2:
    resolution: {integrity: sha1-+LETa0Bx+9jrFAr/hYsQGewpFfo=}

  extract-zip@2.0.1:
    resolution: {integrity: sha1-Zj3KVv5G34kNXxMe9KBtIruLoTo=}
    engines: {node: '>= 10.17.0'}
    hasBin: true

  extsprintf@1.3.0:
    resolution: {integrity: sha1-lpGEQOMEGnpBT4xS48V06zw+HgU=}
    engines: {'0': node >=0.6.0}

  fd-slicer@1.1.0:
    resolution: {integrity: sha1-JcfInLH5B3+IkbvmHY85Dq4lbx4=}

  figures@3.2.0:
    resolution: {integrity: sha1-YlwYvSk8YE3EqN2y/r8MiDQXRq8=}
    engines: {node: '>=8'}

  forever-agent@0.6.1:
    resolution: {integrity: sha1-+8cfDEGt6zf5bFd60e1C2P2sypE=}

  form-data@4.0.1:
    resolution: {integrity: sha1-uhB22qqlv9fpnBpssCqgpc/5DUg=}
    engines: {node: '>= 6'}

  fs-extra@9.1.0:
    resolution: {integrity: sha1-WVRGDHZKjaIJS6NVS/g55rmnyG0=}
    engines: {node: '>=10'}

  function-bind@1.1.2:
    resolution: {integrity: sha1-LALYZNl/PqbIgwxGTL0Rq26rehw=}

  get-intrinsic@1.2.7:
    resolution: {integrity: sha1-3PyzPTJy4V9EXRUSS8CiFhibkEQ=}
    engines: {node: '>= 0.4'}

  get-proto@1.0.1:
    resolution: {integrity: sha1-FQs/J0OGnvPoUewMSdFbHRTQDuE=}
    engines: {node: '>= 0.4'}

  get-stream@5.2.0:
    resolution: {integrity: sha1-SWaheV7lrOZecGxLe+txJX1uItM=}
    engines: {node: '>=8'}

  getos@3.2.1:
    resolution: {integrity: sha1-ATTR9OAOtGFExanArE3Ah8uyfcU=}

  getpass@0.1.7:
    resolution: {integrity: sha1-Xv+OPmhNVprkyysSgmBOi6YhSfo=}

  global-dirs@3.0.1:
    resolution: {integrity: sha1-DEiJcfBmus7aIUR67LGouRHSJIU=}
    engines: {node: '>=10'}

  gopd@1.2.0:
    resolution: {integrity: sha1-ifVrghe9vIgCvSmd9tfxCB1+UaE=}
    engines: {node: '>= 0.4'}

  graceful-fs@4.2.11:
    resolution: {integrity: sha1-QYPk6L8Iu24Fu7L30uDI9xLKQOM=}

  has-flag@4.0.0:
    resolution: {integrity: sha1-lEdx/ZyByBJlxNaUGGDaBrtZR5s=}
    engines: {node: '>=8'}

  has-symbols@1.1.0:
    resolution: {integrity: sha1-/JxqeDoISVHQuXH+EBjegTcHozg=}
    engines: {node: '>= 0.4'}

  hasown@2.0.2:
    resolution: {integrity: sha1-AD6vkb563DcuhOxZ3DclLO24AAM=}
    engines: {node: '>= 0.4'}

  http-signature@1.4.0:
    resolution: {integrity: sha1-3uWpuiv0lBarxUSr1tln9qlMjD8=}
    engines: {node: '>=0.10'}

  human-signals@1.1.1:
    resolution: {integrity: sha1-xbHNFPUK6uCatsWf5jujOV/k36M=}
    engines: {node: '>=8.12.0'}

  ieee754@1.2.1:
    resolution: {integrity: sha1-jrehCmP/8l0VpXsAFYbRd9Gw01I=}

  indent-string@4.0.0:
    resolution: {integrity: sha1-Yk+PRJfWGbLZdoUx1Y9BIoVNclE=}
    engines: {node: '>=8'}

  ini@2.0.0:
    resolution: {integrity: sha1-5f1Vbs3VcmvpePoQAYYurLCpS8U=}
    engines: {node: '>=10'}

  is-fullwidth-code-point@3.0.0:
    resolution: {integrity: sha1-8Rb4Bk/pCz94RKOJl8C3UFEmnx0=}
    engines: {node: '>=8'}

  is-installed-globally@0.4.0:
    resolution: {integrity: sha1-mg/UB5ScMPhutpWe8beZTtC3tSA=}
    engines: {node: '>=10'}

  is-path-inside@3.0.3:
    resolution: {integrity: sha1-0jE2LlOgf/Kw4Op/7QSRYf/RYoM=}
    engines: {node: '>=8'}

  is-stream@2.0.1:
    resolution: {integrity: sha1-+sHj1TuXrVqdCunO8jifWBClwHc=}
    engines: {node: '>=8'}

  is-typedarray@1.0.0:
    resolution: {integrity: sha1-5HnICFjfDBsR3dppQPlgEfzaSpo=}

  is-unicode-supported@0.1.0:
    resolution: {integrity: sha1-PybHaoCVk7Ur+i7LVxDtJ3m1Iqc=}
    engines: {node: '>=10'}

  isexe@2.0.0:
    resolution: {integrity: sha1-6PvzdNxVb/iUehDcsFctYz8s+hA=}

  isstream@0.1.2:
    resolution: {integrity: sha1-R+Y/evVa+m+S4VAOaQ64uFKcCZo=}

  jsbn@0.1.1:
    resolution: {integrity: sha1-peZUwuWi3rXyAdls77yoDA7y9RM=}

  json-schema@0.4.0:
    resolution: {integrity: sha1-995M9u+rg4666zI2R0y7paGTCrU=}

  json-stringify-safe@5.0.1:
    resolution: {integrity: sha1-Epai1Y/UXxmg9s4B1lcB4sc1tus=}

  jsonfile@6.1.0:
    resolution: {integrity: sha1-vFWyY0eTxnnsZAMJTrE2mKbsCq4=}

  jsprim@2.0.2:
    resolution: {integrity: sha1-d8oj281BNc02SADSL/gsIYWAPU0=}
    engines: {'0': node >=0.6.0}

  lazy-ass@1.6.0:
    resolution: {integrity: sha1-eZllXoZGwX8In90YfRUNMyTVRRM=}
    engines: {node: '> 0.8'}

  listr2@3.14.0:
    resolution: {integrity: sha1-IxAcxi4Tdf1YNrJIJ20dK1H9vp4=}
    engines: {node: '>=10.0.0'}
    peerDependencies:
      enquirer: '>= 2.3.0 < 3'
    peerDependenciesMeta:
      enquirer:
        optional: true

  lodash.once@4.1.1:
    resolution: {integrity: sha1-DdOXEhPHxW34gJd9UEyI+0cal6w=}

  lodash@4.17.21:
    resolution: {integrity: sha1-Z5WRxWTDv/quhFTPCz3zcMPWkRw=}

  log-symbols@4.1.0:
    resolution: {integrity: sha1-P727lbRoOsn8eFER55LlWNSr1QM=}
    engines: {node: '>=10'}

  log-update@4.0.0:
    resolution: {integrity: sha1-WJ7NNSRx8qHAxXAodUOmTf0g4KE=}
    engines: {node: '>=10'}

  math-intrinsics@1.1.0:
    resolution: {integrity: sha1-oN10voHiqlwvJ+Zc4oNgXuTit/k=}
    engines: {node: '>= 0.4'}

  merge-stream@2.0.0:
    resolution: {integrity: sha1-UoI2KaFN0AyXcPtq1H3GMQ8sH2A=}

  mime-db@1.52.0:
    resolution: {integrity: sha1-u6vNwChZ9JhzAchW4zh85exDv3A=}
    engines: {node: '>= 0.6'}

  mime-types@2.1.35:
    resolution: {integrity: sha1-OBqHG2KnNEUGYK497uRIE/cNlZo=}
    engines: {node: '>= 0.6'}

  mimic-fn@2.1.0:
    resolution: {integrity: sha1-ftLCzMyvhNP/y3pptXcR/CCDQBs=}
    engines: {node: '>=6'}

  minimist@1.2.8:
    resolution: {integrity: sha1-waRk52kzAuCCoHXO4MBXdBrEdyw=}

  ms@2.1.3:
    resolution: {integrity: sha1-V0yBOM4dK1hh8LRFedut1gxmFbI=}

  npm-run-path@4.0.1:
    resolution: {integrity: sha1-t+zR5e1T2o43pV4cImnguX7XSOo=}
    engines: {node: '>=8'}

  object-inspect@1.13.4:
    resolution: {integrity: sha1-g3UmXiG8IND6WCwi4bE0hdbgAhM=}
    engines: {node: '>= 0.4'}

  once@1.4.0:
    resolution: {integrity: sha1-WDsap3WWHUsROsF9nFC6753Xa9E=}

  onetime@5.1.2:
    resolution: {integrity: sha1-0Oluu1awdHbfHdnEgG5SN5hcpF4=}
    engines: {node: '>=6'}

  ospath@1.2.2:
    resolution: {integrity: sha1-EnZjl3Sj+O8lcvf+QoDg6kVQwHs=}

  p-map@4.0.0:
    resolution: {integrity: sha1-uy+Vpe2i7BaOySdOBqdHw+KQTSs=}
    engines: {node: '>=10'}

  path-key@3.1.1:
    resolution: {integrity: sha1-WB9q3mWMu6ZaDTOA3ndTKVBU83U=}
    engines: {node: '>=8'}

  pend@1.2.0:
    resolution: {integrity: sha1-elfrVQpng/kRUzH89GY9XI4AelA=}

  performance-now@2.1.0:
    resolution: {integrity: sha1-Ywn04OX6kT7BxpMHrjZLSzd8nns=}

  pify@2.3.0:
    resolution: {integrity: sha1-7RQaasBDqEnqWISY59yosVMw6Qw=}
    engines: {node: '>=0.10.0'}

  pretty-bytes@5.6.0:
    resolution: {integrity: sha1-NWJW9kOAR3PIL2RyP+eMksYr6us=}
    engines: {node: '>=6'}

  process@0.11.10:
    resolution: {integrity: sha1-czIwDoQBYb2j5podHZGn1LwW8YI=}
    engines: {node: '>= 0.6.0'}

  proxy-from-env@1.0.0:
    resolution: {integrity: sha1-M8UDmPcOp+uW0h97gXYwpVeRx+4=}

  pump@3.0.2:
    resolution: {integrity: sha1-g28+3WvC7lmSVskk/+DYhXPdy/g=}

  qs@6.13.1:
    resolution: {integrity: sha1-POX8cr06gXG4XJm5PGXdILfRsW4=}
    engines: {node: '>=0.6'}

  request-progress@3.0.0:
    resolution: {integrity: sha1-TKdUCBx/7GP1BeT6qCWqBs1mnb4=}

  restore-cursor@3.1.0:
    resolution: {integrity: sha1-OfZ8VLOnpYzqUjbZXPADQjljH34=}
    engines: {node: '>=8'}

  rfdc@1.4.1:
    resolution: {integrity: sha1-d492xPtzHZNBTo+SX77PZMzn9so=}

  rxjs@7.8.1:
    resolution: {integrity: sha1-b289meqARCke/ZLnx/z1YsQFdUM=}

  safe-buffer@5.2.1:
    resolution: {integrity: sha1-Hq+fqb2x/dTsdfWPnNtOa3gn7sY=}

  safer-buffer@2.1.2:
    resolution: {integrity: sha1-RPoWGwGHuVSd2Eu5GAL5vYOFzWo=}

  semver@7.7.1:
    resolution: {integrity: sha1-q9UJjYKxjGyB9gdP8mR/0+ciDJ8=}
    engines: {node: '>=10'}
    hasBin: true

  shebang-command@2.0.0:
    resolution: {integrity: sha1-zNCvT4g1+9wmW4JGGq8MNmY/NOo=}
    engines: {node: '>=8'}

  shebang-regex@3.0.0:
    resolution: {integrity: sha1-rhbxZE2HPsrYQ7AwexQzYtTEIXI=}
    engines: {node: '>=8'}

  side-channel-list@1.0.0:
    resolution: {integrity: sha1-EMtZhCYxFdO3oOM2WR4pCoMK+K0=}
    engines: {node: '>= 0.4'}

  side-channel-map@1.0.1:
    resolution: {integrity: sha1-1rtrN5Asb+9RdOX1M/q0xzKib0I=}
    engines: {node: '>= 0.4'}

  side-channel-weakmap@1.0.2:
    resolution: {integrity: sha1-Ed2hnVNo5Azp7CvcH7DsvAeQ7Oo=}
    engines: {node: '>= 0.4'}

  side-channel@1.1.0:
    resolution: {integrity: sha1-w/z/nE2pMnhIczNeyXZfqU/2a8k=}
    engines: {node: '>= 0.4'}

  signal-exit@3.0.7:
    resolution: {integrity: sha1-qaF2f4r4QVURTqq9c/mSc8j1mtk=}

  slice-ansi@3.0.0:
    resolution: {integrity: sha1-Md3BCTCht+C2ewjJbC9Jt3p4l4c=}
    engines: {node: '>=8'}

  slice-ansi@4.0.0:
    resolution: {integrity: sha1-UA6N0P1VsFgVCGJVsxla3ypF/ms=}
    engines: {node: '>=10'}

  sshpk@1.18.0:
    resolution: {integrity: sha1-FmPlXN301oi4aka3fw1f42OroCg=}
    engines: {node: '>=0.10.0'}
    hasBin: true

  string-width@4.2.3:
    resolution: {integrity: sha1-JpxxF9J7Ba0uU2gwqOyJXvnG0BA=}
    engines: {node: '>=8'}

  strip-ansi@6.0.1:
    resolution: {integrity: sha1-nibGPTD1NEPpSJSVshBdN7Z6hdk=}
    engines: {node: '>=8'}

  strip-final-newline@2.0.0:
    resolution: {integrity: sha1-ibhS+y/L6Tb29LMYevsKEsGrWK0=}
    engines: {node: '>=6'}

  supports-color@7.2.0:
    resolution: {integrity: sha1-G33NyzK4E4gBs+R4umpRyqiWSNo=}
    engines: {node: '>=8'}

  supports-color@8.1.1:
    resolution: {integrity: sha1-zW/BfihQDP9WwbhsCn/UpUpzAFw=}
    engines: {node: '>=10'}

  throttleit@1.0.1:
    resolution: {integrity: sha1-ME7FFjHDt3DGXGxvdpOLOEAA9NU=}

  through@2.3.8:
    resolution: {integrity: sha1-DdTJ/6q8NXlgsbckEV1+Doai4fU=}

  tldts-core@6.1.77:
    resolution: {integrity: sha1-D6RWMWOnph1yxLBWUPtm/H6BVQA=}

  tldts@6.1.77:
    resolution: {integrity: sha1-cU49GYnlYohvLtl7Zelajp+ektk=}
    hasBin: true

  tmp@0.2.3:
    resolution: {integrity: sha1-63g8wivB6L69BnFHbUbqTrMqea4=}
    engines: {node: '>=14.14'}

  tough-cookie@5.1.1:
    resolution: {integrity: sha1-RkHB/b8CSSfinFUy7be25Td+ofI=}
    engines: {node: '>=16'}

  tree-kill@1.2.2:
    resolution: {integrity: sha1-TKCakJLIi3OnzcXooBtQeweQoMw=}
    hasBin: true

  tslib@2.8.1:
    resolution: {integrity: sha1-YS7+TtI11Wfoq6Xypfq3AoCt6D8=}

  tunnel-agent@0.6.0:
    resolution: {integrity: sha1-J6XeoGs2sEoKmWZ3SykIaPD8QP0=}

  tweetnacl@0.14.5:
    resolution: {integrity: sha1-WuaBd/GS1EViadEIr6k/+HQ/T2Q=}

  type-fest@0.21.3:
    resolution: {integrity: sha1-0mCiSwGYQ24TP6JqUkptZfo7Ljc=}
    engines: {node: '>=10'}

  undici-types@6.20.0:
    resolution: {integrity: sha1-gXG/IsH1iNFVTVW/IEvGJK84hDM=}

  universalify@2.0.1:
    resolution: {integrity: sha1-Fo78IYCWTmOG0GHglN9hr+I5sY0=}
    engines: {node: '>= 10.0.0'}

  untildify@4.0.0:
    resolution: {integrity: sha1-K8lHuVNlJIfkYAlJ+wkeOujNkZs=}
    engines: {node: '>=8'}

  uuid@8.3.2:
    resolution: {integrity: sha1-gNW1ztJxu5r2xEXyGhoExgbO++I=}
    hasBin: true

  verror@1.10.0:
    resolution: {integrity: sha1-OhBcoXBTr1XW4nDB+CiGguGNpAA=}
    engines: {'0': node >=0.6.0}

  which@2.0.2:
    resolution: {integrity: sha1-fGqN0KY2oDJ+ELWckobu6T8/UbE=}
    engines: {node: '>= 8'}
    hasBin: true

  wrap-ansi@6.2.0:
    resolution: {integrity: sha1-6Tk7oHEC5skaOyIUePAlfNKFblM=}
    engines: {node: '>=8'}

  wrap-ansi@7.0.0:
    resolution: {integrity: sha1-Z+FFz/UQpqaYS98RUpEdadLrnkM=}
    engines: {node: '>=10'}

  wrappy@1.0.2:
    resolution: {integrity: sha1-tSQ9jz7BqjXxNkYFvA0QNuMKtp8=}

  yauzl@2.10.0:
    resolution: {integrity: sha1-x+sXyT4RLLEIb6bY5R+wZnt5pfk=}

snapshots:

  '@colors/colors@1.5.0':
    optional: true

  '@cypress/request@3.0.7':
    dependencies:
      aws-sign2: 0.7.0
      aws4: 1.13.2
      caseless: 0.12.0
      combined-stream: 1.0.8
      extend: 3.0.2
      forever-agent: 0.6.1
      form-data: 4.0.1
      http-signature: 1.4.0
      is-typedarray: 1.0.0
      isstream: 0.1.2
      json-stringify-safe: 5.0.1
      mime-types: 2.1.35
      performance-now: 2.1.0
      qs: 6.13.1
      safe-buffer: 5.2.1
      tough-cookie: 5.1.1
      tunnel-agent: 0.6.0
      uuid: 8.3.2

  '@cypress/xvfb@1.2.4(supports-color@8.1.1)':
    dependencies:
      debug: 3.2.7(supports-color@8.1.1)
      lodash.once: 4.1.1
    transitivePeerDependencies:
      - supports-color

  '@types/node@22.13.1':
    dependencies:
      undici-types: 6.20.0
    optional: true

  '@types/sinonjs__fake-timers@8.1.1': {}

  '@types/sizzle@2.3.9': {}

  '@types/yauzl@2.10.3':
    dependencies:
      '@types/node': 22.13.1
    optional: true

  aggregate-error@3.1.0:
    dependencies:
      clean-stack: 2.2.0
      indent-string: 4.0.0

  ansi-colors@4.1.3: {}

  ansi-escapes@4.3.2:
    dependencies:
      type-fest: 0.21.3

  ansi-regex@5.0.1: {}

  ansi-styles@4.3.0:
    dependencies:
      color-convert: 2.0.1

  arch@2.2.0: {}

  asn1@0.2.6:
    dependencies:
      safer-buffer: 2.1.2

  assert-plus@1.0.0: {}

  astral-regex@2.0.0: {}

  async@3.2.6: {}

  asynckit@0.4.0: {}

  at-least-node@1.0.0: {}

  aws-sign2@0.7.0: {}

  aws4@1.13.2: {}

  base64-js@1.5.1: {}

  bcrypt-pbkdf@1.0.2:
    dependencies:
      tweetnacl: 0.14.5

  blob-util@2.0.2: {}

  bluebird@3.7.2: {}

  buffer-crc32@0.2.13: {}

  buffer@5.7.1:
    dependencies:
      base64-js: 1.5.1
      ieee754: 1.2.1

  cachedir@2.4.0: {}

  call-bind-apply-helpers@1.0.1:
    dependencies:
      es-errors: 1.3.0
      function-bind: 1.1.2

  call-bound@1.0.3:
    dependencies:
      call-bind-apply-helpers: 1.0.1
      get-intrinsic: 1.2.7

  caseless@0.12.0: {}

  chalk@4.1.2:
    dependencies:
      ansi-styles: 4.3.0
      supports-color: 7.2.0

  check-more-types@2.24.0: {}

  ci-info@4.1.0: {}

  clean-stack@2.2.0: {}

  cli-cursor@3.1.0:
    dependencies:
      restore-cursor: 3.1.0

  cli-table3@0.6.5:
    dependencies:
      string-width: 4.2.3
    optionalDependencies:
      '@colors/colors': 1.5.0

  cli-truncate@2.1.0:
    dependencies:
      slice-ansi: 3.0.0
      string-width: 4.2.3

  color-convert@2.0.1:
    dependencies:
      color-name: 1.1.4

  color-name@1.1.4: {}

  colorette@2.0.20: {}

  combined-stream@1.0.8:
    dependencies:
      delayed-stream: 1.0.0

  commander@6.2.1: {}

  common-tags@1.8.2: {}

  core-util-is@1.0.2: {}

  cross-spawn@7.0.6:
    dependencies:
      path-key: 3.1.1
      shebang-command: 2.0.0
      which: 2.0.2

  cypress@14.0.2:
    dependencies:
      '@cypress/request': 3.0.7
      '@cypress/xvfb': 1.2.4(supports-color@8.1.1)
      '@types/sinonjs__fake-timers': 8.1.1
      '@types/sizzle': 2.3.9
      arch: 2.2.0
      blob-util: 2.0.2
      bluebird: 3.7.2
      buffer: 5.7.1
      cachedir: 2.4.0
      chalk: 4.1.2
      check-more-types: 2.24.0
      ci-info: 4.1.0
      cli-cursor: 3.1.0
      cli-table3: 0.6.5
      commander: 6.2.1
      common-tags: 1.8.2
      dayjs: 1.11.13
      debug: 4.4.0(supports-color@8.1.1)
      enquirer: 2.4.1
      eventemitter2: 6.4.7
      execa: 4.1.0
      executable: 4.1.1
      extract-zip: 2.0.1(supports-color@8.1.1)
      figures: 3.2.0
      fs-extra: 9.1.0
      getos: 3.2.1
      is-installed-globally: 0.4.0
      lazy-ass: 1.6.0
      listr2: 3.14.0(enquirer@2.4.1)
      lodash: 4.17.21
      log-symbols: 4.1.0
      minimist: 1.2.8
      ospath: 1.2.2
      pretty-bytes: 5.6.0
      process: 0.11.10
      proxy-from-env: 1.0.0
      request-progress: 3.0.0
      semver: 7.7.1
      supports-color: 8.1.1
      tmp: 0.2.3
      tree-kill: 1.2.2
      untildify: 4.0.0
      yauzl: 2.10.0

  dashdash@1.14.1:
    dependencies:
      assert-plus: 1.0.0

  dayjs@1.11.13: {}

  debug@3.2.7(supports-color@8.1.1):
    dependencies:
      ms: 2.1.3
    optionalDependencies:
      supports-color: 8.1.1

  debug@4.4.0(supports-color@8.1.1):
    dependencies:
      ms: 2.1.3
    optionalDependencies:
      supports-color: 8.1.1

  delayed-stream@1.0.0: {}

  dunder-proto@1.0.1:
    dependencies:
      call-bind-apply-helpers: 1.0.1
      es-errors: 1.3.0
      gopd: 1.2.0

  ecc-jsbn@0.1.2:
    dependencies:
      jsbn: 0.1.1
      safer-buffer: 2.1.2

  emoji-regex@8.0.0: {}

  end-of-stream@1.4.4:
    dependencies:
      once: 1.4.0

  enquirer@2.4.1:
    dependencies:
      ansi-colors: 4.1.3
      strip-ansi: 6.0.1

  es-define-property@1.0.1: {}

  es-errors@1.3.0: {}

  es-object-atoms@1.1.1:
    dependencies:
      es-errors: 1.3.0

  escape-string-regexp@1.0.5: {}

  eventemitter2@6.4.7: {}

  execa@4.1.0:
    dependencies:
      cross-spawn: 7.0.6
      get-stream: 5.2.0
      human-signals: 1.1.1
      is-stream: 2.0.1
      merge-stream: 2.0.0
      npm-run-path: 4.0.1
      onetime: 5.1.2
      signal-exit: 3.0.7
      strip-final-newline: 2.0.0

  executable@4.1.1:
    dependencies:
      pify: 2.3.0

  extend@3.0.2: {}

  extract-zip@2.0.1(supports-color@8.1.1):
    dependencies:
      debug: 4.4.0(supports-color@8.1.1)
      get-stream: 5.2.0
      yauzl: 2.10.0
    optionalDependencies:
      '@types/yauzl': 2.10.3
    transitivePeerDependencies:
      - supports-color

  extsprintf@1.3.0: {}

  fd-slicer@1.1.0:
    dependencies:
      pend: 1.2.0

  figures@3.2.0:
    dependencies:
      escape-string-regexp: 1.0.5

  forever-agent@0.6.1: {}

  form-data@4.0.1:
    dependencies:
      asynckit: 0.4.0
      combined-stream: 1.0.8
      mime-types: 2.1.35

  fs-extra@9.1.0:
    dependencies:
      at-least-node: 1.0.0
      graceful-fs: 4.2.11
      jsonfile: 6.1.0
      universalify: 2.0.1

  function-bind@1.1.2: {}

  get-intrinsic@1.2.7:
    dependencies:
      call-bind-apply-helpers: 1.0.1
      es-define-property: 1.0.1
      es-errors: 1.3.0
      es-object-atoms: 1.1.1
      function-bind: 1.1.2
      get-proto: 1.0.1
      gopd: 1.2.0
      has-symbols: 1.1.0
      hasown: 2.0.2
      math-intrinsics: 1.1.0

  get-proto@1.0.1:
    dependencies:
      dunder-proto: 1.0.1
      es-object-atoms: 1.1.1

  get-stream@5.2.0:
    dependencies:
      pump: 3.0.2

  getos@3.2.1:
    dependencies:
      async: 3.2.6

  getpass@0.1.7:
    dependencies:
      assert-plus: 1.0.0

  global-dirs@3.0.1:
    dependencies:
      ini: 2.0.0

  gopd@1.2.0: {}

  graceful-fs@4.2.11: {}

  has-flag@4.0.0: {}

  has-symbols@1.1.0: {}

  hasown@2.0.2:
    dependencies:
      function-bind: 1.1.2

  http-signature@1.4.0:
    dependencies:
      assert-plus: 1.0.0
      jsprim: 2.0.2
      sshpk: 1.18.0

  human-signals@1.1.1: {}

  ieee754@1.2.1: {}

  indent-string@4.0.0: {}

  ini@2.0.0: {}

  is-fullwidth-code-point@3.0.0: {}

  is-installed-globally@0.4.0:
    dependencies:
      global-dirs: 3.0.1
      is-path-inside: 3.0.3

  is-path-inside@3.0.3: {}

  is-stream@2.0.1: {}

  is-typedarray@1.0.0: {}

  is-unicode-supported@0.1.0: {}

  isexe@2.0.0: {}

  isstream@0.1.2: {}

  jsbn@0.1.1: {}

  json-schema@0.4.0: {}

  json-stringify-safe@5.0.1: {}

  jsonfile@6.1.0:
    dependencies:
      universalify: 2.0.1
    optionalDependencies:
      graceful-fs: 4.2.11

  jsprim@2.0.2:
    dependencies:
      assert-plus: 1.0.0
      extsprintf: 1.3.0
      json-schema: 0.4.0
      verror: 1.10.0

  lazy-ass@1.6.0: {}

  listr2@3.14.0(enquirer@2.4.1):
    dependencies:
      cli-truncate: 2.1.0
      colorette: 2.0.20
      log-update: 4.0.0
      p-map: 4.0.0
      rfdc: 1.4.1
      rxjs: 7.8.1
      through: 2.3.8
      wrap-ansi: 7.0.0
    optionalDependencies:
      enquirer: 2.4.1

  lodash.once@4.1.1: {}

  lodash@4.17.21: {}

  log-symbols@4.1.0:
    dependencies:
      chalk: 4.1.2
      is-unicode-supported: 0.1.0

  log-update@4.0.0:
    dependencies:
      ansi-escapes: 4.3.2
      cli-cursor: 3.1.0
      slice-ansi: 4.0.0
      wrap-ansi: 6.2.0

  math-intrinsics@1.1.0: {}

  merge-stream@2.0.0: {}

  mime-db@1.52.0: {}

  mime-types@2.1.35:
    dependencies:
      mime-db: 1.52.0

  mimic-fn@2.1.0: {}

  minimist@1.2.8: {}

  ms@2.1.3: {}

  npm-run-path@4.0.1:
    dependencies:
      path-key: 3.1.1

  object-inspect@1.13.4: {}

  once@1.4.0:
    dependencies:
      wrappy: 1.0.2

  onetime@5.1.2:
    dependencies:
      mimic-fn: 2.1.0

  ospath@1.2.2: {}

  p-map@4.0.0:
    dependencies:
      aggregate-error: 3.1.0

  path-key@3.1.1: {}

  pend@1.2.0: {}

  performance-now@2.1.0: {}

  pify@2.3.0: {}

  pretty-bytes@5.6.0: {}

  process@0.11.10: {}

  proxy-from-env@1.0.0: {}

  pump@3.0.2:
    dependencies:
      end-of-stream: 1.4.4
      once: 1.4.0

  qs@6.13.1:
    dependencies:
      side-channel: 1.1.0

  request-progress@3.0.0:
    dependencies:
      throttleit: 1.0.1

  restore-cursor@3.1.0:
    dependencies:
      onetime: 5.1.2
      signal-exit: 3.0.7

  rfdc@1.4.1: {}

  rxjs@7.8.1:
    dependencies:
      tslib: 2.8.1

  safe-buffer@5.2.1: {}

  safer-buffer@2.1.2: {}

  semver@7.7.1: {}

  shebang-command@2.0.0:
    dependencies:
      shebang-regex: 3.0.0

  shebang-regex@3.0.0: {}

  side-channel-list@1.0.0:
    dependencies:
      es-errors: 1.3.0
      object-inspect: 1.13.4

  side-channel-map@1.0.1:
    dependencies:
      call-bound: 1.0.3
      es-errors: 1.3.0
      get-intrinsic: 1.2.7
      object-inspect: 1.13.4

  side-channel-weakmap@1.0.2:
    dependencies:
      call-bound: 1.0.3
      es-errors: 1.3.0
      get-intrinsic: 1.2.7
      object-inspect: 1.13.4
      side-channel-map: 1.0.1

  side-channel@1.1.0:
    dependencies:
      es-errors: 1.3.0
      object-inspect: 1.13.4
      side-channel-list: 1.0.0
      side-channel-map: 1.0.1
      side-channel-weakmap: 1.0.2

  signal-exit@3.0.7: {}

  slice-ansi@3.0.0:
    dependencies:
      ansi-styles: 4.3.0
      astral-regex: 2.0.0
      is-fullwidth-code-point: 3.0.0

  slice-ansi@4.0.0:
    dependencies:
      ansi-styles: 4.3.0
      astral-regex: 2.0.0
      is-fullwidth-code-point: 3.0.0

  sshpk@1.18.0:
    dependencies:
      asn1: 0.2.6
      assert-plus: 1.0.0
      bcrypt-pbkdf: 1.0.2
      dashdash: 1.14.1
      ecc-jsbn: 0.1.2
      getpass: 0.1.7
      jsbn: 0.1.1
      safer-buffer: 2.1.2
      tweetnacl: 0.14.5

  string-width@4.2.3:
    dependencies:
      emoji-regex: 8.0.0
      is-fullwidth-code-point: 3.0.0
      strip-ansi: 6.0.1

  strip-ansi@6.0.1:
    dependencies:
      ansi-regex: 5.0.1

  strip-final-newline@2.0.0: {}

  supports-color@7.2.0:
    dependencies:
      has-flag: 4.0.0

  supports-color@8.1.1:
    dependencies:
      has-flag: 4.0.0

  throttleit@1.0.1: {}

  through@2.3.8: {}

  tldts-core@6.1.77: {}

  tldts@6.1.77:
    dependencies:
      tldts-core: 6.1.77

  tmp@0.2.3: {}

  tough-cookie@5.1.1:
    dependencies:
      tldts: 6.1.77

  tree-kill@1.2.2: {}

  tslib@2.8.1: {}

  tunnel-agent@0.6.0:
    dependencies:
      safe-buffer: 5.2.1

  tweetnacl@0.14.5: {}

  type-fest@0.21.3: {}

  undici-types@6.20.0:
    optional: true

  universalify@2.0.1: {}

  untildify@4.0.0: {}

  uuid@8.3.2: {}

  verror@1.10.0:
    dependencies:
      assert-plus: 1.0.0
      core-util-is: 1.0.2
      extsprintf: 1.3.0

  which@2.0.2:
    dependencies:
      isexe: 2.0.0

  wrap-ansi@6.2.0:
    dependencies:
      ansi-styles: 4.3.0
      string-width: 4.2.3
      strip-ansi: 6.0.1

  wrap-ansi@7.0.0:
    dependencies:
      ansi-styles: 4.3.0
      string-width: 4.2.3
      strip-ansi: 6.0.1

  wrappy@1.0.2: {}

  yauzl@2.10.0:
    dependencies:
      buffer-crc32: 0.2.13
      fd-slicer: 1.1.0
