lockfileVersion: '9.0'

settings:
  autoInstallPeers: true
  excludeLinksFromLockfile: false

importers:

  .:
    dependencies:
      axios:
        specifier: ^1.6.8
        version: 1.7.9
      date-fns:
        specifier: ^3.6.0
        version: 3.6.0
      framer-motion:
        specifier: ^11.1.7
        version: 11.18.2(@emotion/is-prop-valid@1.2.2)(react-dom@18.2.0(react@18.2.0))(react@18.2.0)
      next:
        specifier: 14.2.2
        version: 14.2.2(react-dom@18.2.0(react@18.2.0))(react@18.2.0)
      next-auth:
        specifier: ^4.24.7
        version: 4.24.11(next@14.2.2(react-dom@18.2.0(react@18.2.0))(react@18.2.0))(react-dom@18.2.0(react@18.2.0))(react@18.2.0)
      react:
        specifier: 18.2.0
        version: 18.2.0
      react-dom:
        specifier: 18.2.0
        version: 18.2.0(react@18.2.0)
      react-hook-form:
        specifier: ^7.51.3
        version: 7.54.2(react@18.2.0)
      react-icons:
        specifier: ^5.1.0
        version: 5.4.0(react@18.2.0)
      react-select:
        specifier: ^5.8.0
        version: 5.10.0(@types/react@18.2.79)(react-dom@18.2.0(react@18.2.0))(react@18.2.0)
      react-switch:
        specifier: ^7.0.0
        version: 7.1.0(react-dom@18.2.0(react@18.2.0))(react@18.2.0)
      react-toastify:
        specifier: ^10.0.5
        version: 10.0.6(react-dom@18.2.0(react@18.2.0))(react@18.2.0)
      rsuite:
        specifier: ^5.59.2
        version: 5.77.1(react-dom@18.2.0(react@18.2.0))(react@18.2.0)
      styled-components:
        specifier: ^6.1.8
        version: 6.1.15(react-dom@18.2.0(react@18.2.0))(react@18.2.0)
      styled-react-modal:
        specifier: ^3.1.1
        version: 3.1.1(react-dom@18.2.0(react@18.2.0))(react@18.2.0)(styled-components@6.1.15(react-dom@18.2.0(react@18.2.0))(react@18.2.0))
    devDependencies:
      '@types/node':
        specifier: 20.12.7
        version: 20.12.7
      '@types/react':
        specifier: 18.2.79
        version: 18.2.79
      typescript:
        specifier: 5.4.5
        version: 5.4.5

packages:

  '@babel/code-frame@7.26.2':
    resolution: {integrity: sha1-S1+rl9MzOO/5FiNQVfDrwh5XOoU=}
    engines: {node: '>=6.9.0'}

  '@babel/generator@7.26.8':
    resolution: {integrity: sha1-+cXncDCeEuMJmtgnHlL2yqFUQqs=}
    engines: {node: '>=6.9.0'}

  '@babel/helper-module-imports@7.25.9':
    resolution: {integrity: sha1-5/jSBgLr2/nrvqCgdR+w8qQUFxU=}
    engines: {node: '>=6.9.0'}

  '@babel/helper-string-parser@7.25.9':
    resolution: {integrity: sha1-Gqu3Lucu01eJtLvK08ooYs5hTow=}
    engines: {node: '>=6.9.0'}

  '@babel/helper-validator-identifier@7.25.9':
    resolution: {integrity: sha1-JLZOLD7HzTs8VHcpuNFocfIsvcc=}
    engines: {node: '>=6.9.0'}

  '@babel/parser@7.26.8':
    resolution: {integrity: sha1-3sorTZnl4bFVOEO5mCPxGNphB8I=}
    engines: {node: '>=6.0.0'}
    hasBin: true

  '@babel/runtime@7.26.7':
    resolution: {integrity: sha1-9Of+UnzXEPjcBhhhC2G0sGDDw0E=}
    engines: {node: '>=6.9.0'}

  '@babel/template@7.26.8':
    resolution: {integrity: sha1-2ziY9HoXurL0x47B0N44Unwv/hk=}
    engines: {node: '>=6.9.0'}

  '@babel/traverse@7.26.8':
    resolution: {integrity: sha1-CoqcK3zJUZ7tFCdfT9InitRujMk=}
    engines: {node: '>=6.9.0'}

  '@babel/types@7.26.8':
    resolution: {integrity: sha1-l9zcGQ+rRb5/PcBz48ERYNZ3wSc=}
    engines: {node: '>=6.9.0'}

  '@emotion/babel-plugin@11.13.5':
    resolution: {integrity: sha1-6rjWXb3tdODs/SjcIY51YHxOe8A=}

  '@emotion/cache@11.14.0':
    resolution: {integrity: sha1-7kSyaYbuuTyL6Cu5Lx96myGy7XY=}

  '@emotion/hash@0.9.2':
    resolution: {integrity: sha1-/5IhufWLTf5h5hmneIc0vWP2iYs=}

  '@emotion/is-prop-valid@1.2.2':
    resolution: {integrity: sha1-1BdQdmecaib6qSsDu3hvnlJhIzc=}

  '@emotion/memoize@0.8.1':
    resolution: {integrity: sha1-wd2wQEKcbSHTjMlF/nXIGM+2jhc=}

  '@emotion/memoize@0.9.0':
    resolution: {integrity: sha1-dFlp1kmXd3a0P8dkjFVqqkYrQQI=}

  '@emotion/react@11.14.0':
    resolution: {integrity: sha1-z6rjXrxn3Z706i6azGzSnhV90F0=}
    peerDependencies:
      '@types/react': '*'
      react: '>=16.8.0'
    peerDependenciesMeta:
      '@types/react':
        optional: true

  '@emotion/serialize@1.3.3':
    resolution: {integrity: sha1-0pFTEAXxfXBNBGOgMv5nnzdlCeg=}

  '@emotion/sheet@1.4.0':
    resolution: {integrity: sha1-ySmcNNJIvCboJWNzX3iVPS78qDw=}

  '@emotion/unitless@0.10.0':
    resolution: {integrity: sha1-KvL3x+UVD0l72r2EjOeyGKJ890U=}

  '@emotion/unitless@0.8.1':
    resolution: {integrity: sha1-GCtaRwTvitkb3pP3qGCoj9kseaM=}

  '@emotion/use-insertion-effect-with-fallbacks@1.2.0':
    resolution: {integrity: sha1-ioy3e1kOCa/7lg9P8emonlMnOL8=}
    peerDependencies:
      react: '>=16.8.0'

  '@emotion/utils@1.4.2':
    resolution: {integrity: sha1-bfbEWIH8scQS1miKMRqYt/WcG1I=}

  '@emotion/weak-memoize@0.4.0':
    resolution: {integrity: sha1-XhP6yIfwjET3awzK8zcOsA/sm7Y=}

  '@floating-ui/core@1.6.9':
    resolution: {integrity: sha1-ZNHaJRQzAZ2voJHemyiG/zXsFOY=}

  '@floating-ui/dom@1.6.13':
    resolution: {integrity: sha1-qKk4UyrqJ6lRIewW5meny+jFnjQ=}

  '@floating-ui/utils@0.2.9':
    resolution: {integrity: sha1-UN6jYWvIGR+44RIoO0nq/wPnhCk=}

  '@jridgewell/gen-mapping@0.3.8':
    resolution: {integrity: sha1-Tw4GNi4BNi+CPTSPGHKwj2ZtgUI=}
    engines: {node: '>=6.0.0'}

  '@jridgewell/resolve-uri@3.1.2':
    resolution: {integrity: sha1-eg7mAfYPmaIMfHxf8MgDiMEYm9Y=}
    engines: {node: '>=6.0.0'}

  '@jridgewell/set-array@1.2.1':
    resolution: {integrity: sha1-VY+2Ry7RakyFC4iVMOazZDjEkoA=}
    engines: {node: '>=6.0.0'}

  '@jridgewell/sourcemap-codec@1.5.0':
    resolution: {integrity: sha1-MYi8snOkFLDSFf0ipYVAuYm5QJo=}

  '@jridgewell/trace-mapping@0.3.25':
    resolution: {integrity: sha1-FfGQ6YiV8/wjJ27hS8drZ1wuUPA=}

  '@juggle/resize-observer@3.4.0':
    resolution: {integrity: sha1-CNbF4gz35MwC/RgcSwwiXNMdu2A=}

  '@next/env@14.2.2':
    resolution: {integrity: sha1-bDb+CwSiLqeL1gpkWud9U80W08o=}

  '@next/swc-darwin-arm64@14.2.2':
    resolution: {integrity: sha1-VeOVsNtt1eotySgYJg/zo5nxoFY=}
    engines: {node: '>= 10'}
    cpu: [arm64]
    os: [darwin]

  '@next/swc-darwin-x64@14.2.2':
    resolution: {integrity: sha1-+W+2VRC+eYwDsEMhKXksasiIW8g=}
    engines: {node: '>= 10'}
    cpu: [x64]
    os: [darwin]

  '@next/swc-linux-arm64-gnu@14.2.2':
    resolution: {integrity: sha1-RD8NSrnRqkM45A93yk4YLWDohEg=}
    engines: {node: '>= 10'}
    cpu: [arm64]
    os: [linux]
    libc: [glibc]

  '@next/swc-linux-arm64-musl@14.2.2':
    resolution: {integrity: sha1-GCwAs9Lz7U6qzdOF0HsjAlLGTek=}
    engines: {node: '>= 10'}
    cpu: [arm64]
    os: [linux]
    libc: [musl]

  '@next/swc-linux-x64-gnu@14.2.2':
    resolution: {integrity: sha1-6CaggIXcxhaF/0KIStQDLnGsFU8=}
    engines: {node: '>= 10'}
    cpu: [x64]
    os: [linux]
    libc: [glibc]

  '@next/swc-linux-x64-musl@14.2.2':
    resolution: {integrity: sha1-Qvkhym2T/fsrE95wzYpEulUmsxg=}
    engines: {node: '>= 10'}
    cpu: [x64]
    os: [linux]
    libc: [musl]

  '@next/swc-win32-arm64-msvc@14.2.2':
    resolution: {integrity: sha1-nI9g2o44gsTGbyF0er+USmJ9Bf8=}
    engines: {node: '>= 10'}
    cpu: [arm64]
    os: [win32]

  '@next/swc-win32-ia32-msvc@14.2.2':
    resolution: {integrity: sha1-/bC1905twNyzS399JHda0DTZFeg=}
    engines: {node: '>= 10'}
    cpu: [ia32]
    os: [win32]

  '@next/swc-win32-x64-msvc@14.2.2':
    resolution: {integrity: sha1-lcwNrSx6xRd/pu6rBw3M+jBTI1M=}
    engines: {node: '>= 10'}
    cpu: [x64]
    os: [win32]

  '@panva/hkdf@1.2.1':
    resolution: {integrity: sha1-yw0RHvcAE29FgDSf8CJr8lyFPyM=}

  '@rsuite/icon-font@4.1.0':
    resolution: {integrity: sha1-3xbqihFsBMGbgirdupBkffxH27c=}

  '@rsuite/icons@1.3.0':
    resolution: {integrity: sha1-GF2DVdqSYbulYMzThk2GqfPOB64=}
    peerDependencies:
      react: '>=16.8.0'
      react-dom: '>=16.8.0'

  '@swc/counter@0.1.3':
    resolution: {integrity: sha1-zHRjvQKUlhHGMpWW/M0rDseCsOk=}

  '@swc/helpers@0.5.5':
    resolution: {integrity: sha1-Emid9xv8myHE9MoArlXy8WyLd8A=}

  '@types/lodash@4.17.15':
    resolution: {integrity: sha1-EtSvDtF8x2AM4fmYDOxI/BetHok=}

  '@types/node@20.12.7':
    resolution: {integrity: sha1-BAgDYvo91sWCIGGqMST1wVLP84Q=}

  '@types/parse-json@4.0.2':
    resolution: {integrity: sha1-WVDlCWB5MFWEXpVsQn/CsNcMUjk=}

  '@types/prop-types@15.7.14':
    resolution: {integrity: sha1-FDNBnXOyp+v8aRjc79LsDVzWmPI=}

  '@types/react-transition-group@4.4.12':
    resolution: {integrity: sha1-tddlaEhbAqMHI4Jwv+lstR7ioEQ=}
    peerDependencies:
      '@types/react': '*'

  '@types/react-window@1.8.8':
    resolution: {integrity: sha1-wgZFQU0UI2T75zWBjhweChRWluM=}

  '@types/react@18.2.79':
    resolution: {integrity: sha1-xA77TyVXEfVU1HtEn3ltHHdW2GU=}

  '@types/stylis@4.2.5':
    resolution: {integrity: sha1-HapkVvQJWdBhV2mKZTqasKcCgd8=}

  asynckit@0.4.0:
    resolution: {integrity: sha1-x57Zf380y48robyXkLzDZkdLS3k=}

  axios@1.7.9:
    resolution: {integrity: sha1-19BxOAwTKiSszaGyz8FTW3nsZQo=}

  babel-plugin-macros@3.1.0:
    resolution: {integrity: sha1-nvbcdN65NLTbNE3Jc+6FHRSMUME=}
    engines: {node: '>=10', npm: '>=6'}

  busboy@1.6.0:
    resolution: {integrity: sha1-lm6japUC5DzbkUaWJSO5L1MfaJM=}
    engines: {node: '>=10.16.0'}

  callsites@3.1.0:
    resolution: {integrity: sha1-s2MKvYlDQy9Us/BRkjjjPNffL3M=}
    engines: {node: '>=6'}

  camelize@1.0.1:
    resolution: {integrity: sha1-ibfhaIQFYzGjXWta0GQzLJHapsM=}

  caniuse-lite@1.0.30001699:
    resolution: {integrity: sha1-oQLPMw0VO/jJK/tb481EwKicjBI=}

  classnames@2.5.1:
    resolution: {integrity: sha1-undMYUvg8BbaEFyFjnFZ6ujnaHs=}

  client-only@0.0.1:
    resolution: {integrity: sha1-OLul1APEGrFQv/ZKlchQE89zvKE=}

  clsx@2.1.1:
    resolution: {integrity: sha1-7tOXyf2L2IK/sY3qtxAgSaLzKZk=}
    engines: {node: '>=6'}

  combined-stream@1.0.8:
    resolution: {integrity: sha1-w9RaizT9cwYxoRCoolIGgrMdWn8=}
    engines: {node: '>= 0.8'}

  convert-source-map@1.9.0:
    resolution: {integrity: sha1-f6rmI1P7QhM2bQypg1jSLoNosF8=}

  cookie@0.7.2:
    resolution: {integrity: sha1-VWNpxHKiupEPKXmJG1JrNDYjftc=}
    engines: {node: '>= 0.6'}

  cosmiconfig@7.1.0:
    resolution: {integrity: sha1-FEO5r6WWtnAILqRsvY9qYrhGNfY=}
    engines: {node: '>=10'}

  css-color-keywords@1.0.0:
    resolution: {integrity: sha1-/qJhbcZ2spYmhrOvjb2+GAskTgU=}
    engines: {node: '>=4'}

  css-to-react-native@3.2.0:
    resolution: {integrity: sha1-zdgJn3ECThSeT2/hen1G7NVfHjI=}

  csstype@3.1.3:
    resolution: {integrity: sha1-2A/ylNEU+w5qxQD7+FtgE31+/4E=}

  date-fns@2.30.0:
    resolution: {integrity: sha1-82fmRIOf9XiU7GrEgN5AyuSw9NA=}
    engines: {node: '>=0.11'}

  date-fns@3.6.0:
    resolution: {integrity: sha1-8gyk/pT4t1SVGyQkBnboYYwCBr8=}

  debug@4.4.0:
    resolution: {integrity: sha1-Kz8q6i/+t3ZHdGAmc3fchxD6uoo=}
    engines: {node: '>=6.0'}
    peerDependencies:
      supports-color: '*'
    peerDependenciesMeta:
      supports-color:
        optional: true

  delayed-stream@1.0.0:
    resolution: {integrity: sha1-3zrhmayt+31ECqrgsp4icrJOxhk=}
    engines: {node: '>=0.4.0'}

  dom-helpers@5.2.1:
    resolution: {integrity: sha1-2UAFNrK/giWtmP4FLgKUUaxA6QI=}

  dom-lib@3.3.2:
    resolution: {integrity: sha1-pcvjiQ84OQQMk1nS8uRYcUBpEVY=}

  error-ex@1.3.2:
    resolution: {integrity: sha1-tKxAZIEH/c3PriQvQovqihTU8b8=}

  escape-string-regexp@4.0.0:
    resolution: {integrity: sha1-FLqDpdNz49MR5a/KKc9b+tllvzQ=}
    engines: {node: '>=10'}

  find-root@1.1.0:
    resolution: {integrity: sha1-q8/Iunb3CMQql7PWhbfpRQv7nOQ=}

  follow-redirects@1.15.9:
    resolution: {integrity: sha1-pgT6EORDv5jKlCKNnuvMLoosjuE=}
    engines: {node: '>=4.0'}
    peerDependencies:
      debug: '*'
    peerDependenciesMeta:
      debug:
        optional: true

  form-data@4.0.1:
    resolution: {integrity: sha1-uhB22qqlv9fpnBpssCqgpc/5DUg=}
    engines: {node: '>= 6'}

  framer-motion@11.18.2:
    resolution: {integrity: sha1-DGvQVnf0z9OzverU617N1e0kVxg=}
    peerDependencies:
      '@emotion/is-prop-valid': '*'
      react: ^18.0.0 || ^19.0.0
      react-dom: ^18.0.0 || ^19.0.0
    peerDependenciesMeta:
      '@emotion/is-prop-valid':
        optional: true
      react:
        optional: true
      react-dom:
        optional: true

  function-bind@1.1.2:
    resolution: {integrity: sha1-LALYZNl/PqbIgwxGTL0Rq26rehw=}

  globals@11.12.0:
    resolution: {integrity: sha1-q4eVM4hooLq9hSV1gBjCp+uVxC4=}
    engines: {node: '>=4'}

  graceful-fs@4.2.11:
    resolution: {integrity: sha1-QYPk6L8Iu24Fu7L30uDI9xLKQOM=}

  hasown@2.0.2:
    resolution: {integrity: sha1-AD6vkb563DcuhOxZ3DclLO24AAM=}
    engines: {node: '>= 0.4'}

  hoist-non-react-statics@3.3.2:
    resolution: {integrity: sha1-7OCsr3HWLClpwuxZ/v9CpLGoW0U=}

  import-fresh@3.3.1:
    resolution: {integrity: sha1-nOy1ZQPAraHydB271lRuSxO1fM8=}
    engines: {node: '>=6'}

  is-arrayish@0.2.1:
    resolution: {integrity: sha1-d8mYQFJ6qOyxqLppe4BkWnqSap0=}

  is-core-module@2.16.1:
    resolution: {integrity: sha1-KpiAGoSfQ+Kt1kT7trxiKbGaTvQ=}
    engines: {node: '>= 0.4'}

  jose@4.15.9:
    resolution: {integrity: sha1-m2jtop6aBhTAQvopOHGWx92AAQA=}

  js-tokens@4.0.0:
    resolution: {integrity: sha1-GSA/tZmR35jjoocFDUZHzerzJJk=}

  jsesc@3.1.0:
    resolution: {integrity: sha1-dNM1ojT2ftGZB/2t+sfM+dQJgl0=}
    engines: {node: '>=6'}
    hasBin: true

  json-parse-even-better-errors@2.3.1:
    resolution: {integrity: sha1-fEeAWpQxmSjgV3dAXcEuH3pO4C0=}

  lines-and-columns@1.2.4:
    resolution: {integrity: sha1-7KKE910pZQeTCdwK2SVauy68FjI=}

  lodash@4.17.21:
    resolution: {integrity: sha1-Z5WRxWTDv/quhFTPCz3zcMPWkRw=}

  loose-envify@1.4.0:
    resolution: {integrity: sha1-ce5R+nvkyuwaY4OffmgtgTLTDK8=}
    hasBin: true

  lru-cache@6.0.0:
    resolution: {integrity: sha1-bW/mVw69lqr5D8rR2vo7JWbbOpQ=}
    engines: {node: '>=10'}

  memoize-one@5.2.1:
    resolution: {integrity: sha1-gzeqPEM1WBg57AHD1ZQJDOvo8A4=}

  memoize-one@6.0.0:
    resolution: {integrity: sha1-slkbhx7YKUiu5HJ9xqvO7qyMEEU=}

  mime-db@1.52.0:
    resolution: {integrity: sha1-u6vNwChZ9JhzAchW4zh85exDv3A=}
    engines: {node: '>= 0.6'}

  mime-types@2.1.35:
    resolution: {integrity: sha1-OBqHG2KnNEUGYK497uRIE/cNlZo=}
    engines: {node: '>= 0.6'}

  motion-dom@11.18.1:
    resolution: {integrity: sha1-5/7Xt9xq4SI+8czinuVL7IJtw/I=}

  motion-utils@11.18.1:
    resolution: {integrity: sha1-ZxInZpgz6ZHFWBPPM3iZ9BMn21s=}

  ms@2.1.3:
    resolution: {integrity: sha1-V0yBOM4dK1hh8LRFedut1gxmFbI=}

  nanoid@3.3.8:
    resolution: {integrity: sha1-sb4wML7jaq/xi6yzdeXM5SFoS68=}
    engines: {node: ^10 || ^12 || ^13.7 || ^14 || >=15.0.1}
    hasBin: true

  next-auth@4.24.11:
    resolution: {integrity: sha1-Fu63bTf7yP6IdWG0VPgWf0kMOB8=}
    peerDependencies:
      '@auth/core': 0.34.2
      next: ^12.2.5 || ^13 || ^14 || ^15
      nodemailer: ^6.6.5
      react: ^17.0.2 || ^18 || ^19
      react-dom: ^17.0.2 || ^18 || ^19
    peerDependenciesMeta:
      '@auth/core':
        optional: true
      nodemailer:
        optional: true

  next@14.2.2:
    resolution: {integrity: sha1-cHMRteS/lzraIwUjPzIr3QzZ1Xk=}
    engines: {node: '>=18.17.0'}
    hasBin: true
    peerDependencies:
      '@opentelemetry/api': ^1.1.0
      '@playwright/test': ^1.41.2
      react: ^18.2.0
      react-dom: ^18.2.0
      sass: ^1.3.0
    peerDependenciesMeta:
      '@opentelemetry/api':
        optional: true
      '@playwright/test':
        optional: true
      sass:
        optional: true

  oauth@0.9.15:
    resolution: {integrity: sha1-vR/vr2hslrdUda7VGWQS/2DPucE=}

  object-assign@4.1.1:
    resolution: {integrity: sha1-IQmtx5ZYh8/AXLvUQsrIv7s2CGM=}
    engines: {node: '>=0.10.0'}

  object-hash@2.2.0:
    resolution: {integrity: sha1-WtUYWB7vxEO9djRyuP8unCwNVKU=}
    engines: {node: '>= 6'}

  oidc-token-hash@5.0.3:
    resolution: {integrity: sha1-miKfChzp1PyJvK7lR4yXqInnt7Y=}
    engines: {node: ^10.13.0 || >=12.0.0}

  openid-client@5.7.1:
    resolution: {integrity: sha1-NMrOhio+ZHLtfQqGFu9zt/uFqcM=}

  parent-module@1.0.1:
    resolution: {integrity: sha1-aR0nCeeMefrjoVZiJFLQB2LKqqI=}
    engines: {node: '>=6'}

  parse-json@5.2.0:
    resolution: {integrity: sha1-x2/Gbe5UIxyWKyK8yKcs8vmXU80=}
    engines: {node: '>=8'}

  path-parse@1.0.7:
    resolution: {integrity: sha1-+8EUtgykKzDZ2vWFjkvWi77bZzU=}

  path-type@4.0.0:
    resolution: {integrity: sha1-hO0BwKe6OAr+CdkKjBgNzZ0DBDs=}
    engines: {node: '>=8'}

  picocolors@1.1.1:
    resolution: {integrity: sha1-PTIa8+q5ObCDyPkpodEs2oHCa2s=}

  postcss-value-parser@4.2.0:
    resolution: {integrity: sha1-cjwJkgg2um0+WvAZ+SvAlxwC5RQ=}

  postcss@8.4.31:
    resolution: {integrity: sha1-krRRBQqfkU2mdVrzUr3AGSUIZW0=}
    engines: {node: ^10 || ^12 || >=14}

  postcss@8.4.49:
    resolution: {integrity: sha1-TqR5BIqwWas65h0IIZD6v9mU/hk=}
    engines: {node: ^10 || ^12 || >=14}

  preact-render-to-string@5.2.6:
    resolution: {integrity: sha1-D/DIbNEY0wr/uCUZPxjpK9WdBgQ=}
    peerDependencies:
      preact: '>=10'

  preact@10.25.4:
    resolution: {integrity: sha1-wdAL7p17nc0GojEdmVGXO1Bq6Kw=}

  pretty-format@3.8.0:
    resolution: {integrity: sha1-v77VbV6ad2ZF9LH/eqGjrE+jw4U=}

  prop-types@15.8.1:
    resolution: {integrity: sha1-Z9h78aaU9IQ1zzMsJK8QIUoxQLU=}

  proxy-from-env@1.1.0:
    resolution: {integrity: sha1-4QLxbKNVQkhldV0sno6k8k1Yw+I=}

  react-dom@18.2.0:
    resolution: {integrity: sha1-IqrzhwjbJnTtmtoiTKSqcI2CHj0=}
    peerDependencies:
      react: ^18.2.0

  react-hook-form@7.54.2:
    resolution: {integrity: sha1-jCbtVMcWKN/1fM08B0sd03fPshE=}
    engines: {node: '>=18.0.0'}
    peerDependencies:
      react: ^16.8.0 || ^17 || ^18 || ^19

  react-icons@5.4.0:
    resolution: {integrity: sha1-RDAA9uUSPuGyHqjApxb253l/dBY=}
    peerDependencies:
      react: '*'

  react-is@16.13.1:
    resolution: {integrity: sha1-eJcppNw23imZ3BVt1sHZwYzqVqQ=}

  react-is@17.0.2:
    resolution: {integrity: sha1-5pHUqOnHiTZWVVOas3J2Kw77VPA=}

  react-select@5.10.0:
    resolution: {integrity: sha1-m19FRM/s38dEGEuHZRRo7g+24XI=}
    peerDependencies:
      react: ^16.8.0 || ^17.0.0 || ^18.0.0 || ^19.0.0
      react-dom: ^16.8.0 || ^17.0.0 || ^18.0.0 || ^19.0.0

  react-switch@7.1.0:
    resolution: {integrity: sha1-Uxj0dFuDeT/svKFsSbpi2khaVQs=}
    peerDependencies:
      react: ^15.3.0 || ^16.0.0 || ^17.0.0 || ^18.0.0 || ^19.0.0
      react-dom: ^15.3.0 || ^16.0.0 || ^17.0.0 || ^18.0.0 || ^19.0.0

  react-toastify@10.0.6:
    resolution: {integrity: sha1-GcNksRUPSVUixzjVktHcyTh5reE=}
    peerDependencies:
      react: '>=18'
      react-dom: '>=18'

  react-transition-group@4.4.5:
    resolution: {integrity: sha1-5T1OPzNE2oUhSJ+++PJYHUK+zdE=}
    peerDependencies:
      react: '>=16.6.0'
      react-dom: '>=16.6.0'

  react-use-set@1.0.0:
    resolution: {integrity: sha1-K4tELG6Md6kHU03MZl1Uw/ezyEE=}
    peerDependencies:
      react: '>=16.8.0'

  react-window@1.8.11:
    resolution: {integrity: sha1-qFe0j6hb13BC1ZzEYJZP8uBkhSU=}
    engines: {node: '>8.0.0'}
    peerDependencies:
      react: ^15.0.0 || ^16.0.0 || ^17.0.0 || ^18.0.0 || ^19.0.0
      react-dom: ^15.0.0 || ^16.0.0 || ^17.0.0 || ^18.0.0 || ^19.0.0

  react@18.2.0:
    resolution: {integrity: sha1-VVvZhZKIMlX6AN4U8RUakXtdd9U=}
    engines: {node: '>=0.10.0'}

  regenerator-runtime@0.14.1:
    resolution: {integrity: sha1-NWreECY/aF3aElEAzYYsHbiVMn8=}

  resolve-from@4.0.0:
    resolution: {integrity: sha1-SrzYUq0y3Xuqv+m0DgCjbbXzkuY=}
    engines: {node: '>=4'}

  resolve@1.22.10:
    resolution: {integrity: sha1-tmPoP/sJu/I4aURza6roAwKbizk=}
    engines: {node: '>= 0.4'}
    hasBin: true

  rsuite-table@5.19.1:
    resolution: {integrity: sha1-gUzqfXWK8O8CXWElhZaNSr49DqY=}
    peerDependencies:
      prop-types: ^15.7.2
      react: '>=16.8.0'
      react-dom: '>=16.8.0'

  rsuite@5.77.1:
    resolution: {integrity: sha1-oQpxtWz53bCXrpPnDkrGEAlvpBg=}
    peerDependencies:
      react: '>=16.8.0'
      react-dom: '>=16.8.0'

  scheduler@0.23.2:
    resolution: {integrity: sha1-QUumSjsoKJLpRM8hCOzAeNEVzcM=}

  schema-typed@2.3.0:
    resolution: {integrity: sha1-MtYNA6Vuch/5fy22jUBvoWZmdjY=}

  shallowequal@1.1.0:
    resolution: {integrity: sha1-GI1SHelbkIdAT9TctosT3wrk5/g=}

  source-map-js@1.2.1:
    resolution: {integrity: sha1-HOVlD93YerwJnto33P8CTCZnrkY=}
    engines: {node: '>=0.10.0'}

  source-map@0.5.7:
    resolution: {integrity: sha1-igOdLRAh0i0eoUyA2OpGi6LvP8w=}
    engines: {node: '>=0.10.0'}

  streamsearch@1.1.0:
    resolution: {integrity: sha1-QE3R4iR8qUr1VOhBqO8OqiONp2Q=}
    engines: {node: '>=10.0.0'}

  styled-components@6.1.15:
    resolution: {integrity: sha1-dlGQTVQk0IwQRgVus5AkzCPHKrc=}
    engines: {node: '>= 16'}
    peerDependencies:
      react: '>= 16.8.0'
      react-dom: '>= 16.8.0'

  styled-jsx@5.1.1:
    resolution: {integrity: sha1-g5ocOqrMTnNf7QeBuGGepdAAnR8=}
    engines: {node: '>= 12.0.0'}
    peerDependencies:
      '@babel/core': '*'
      babel-plugin-macros: '*'
      react: '>= 16.8.0 || 17.x.x || ^18.0.0-0'
    peerDependenciesMeta:
      '@babel/core':
        optional: true
      babel-plugin-macros:
        optional: true

  styled-react-modal@3.1.1:
    resolution: {integrity: sha1-bMQThyABhhf9xgkOI61B+HY87ik=}
    peerDependencies:
      react: ^18.0.0
      react-dom: ^18.0.0
      styled-components: ^6.1.1

  stylis@4.2.0:
    resolution: {integrity: sha1-edruAgiWTI/mlaQvz/ysYzohGlE=}

  stylis@4.3.2:
    resolution: {integrity: sha1-j3a3B3fdU+tmnG9YyZe/Cply5EQ=}

  supports-preserve-symlinks-flag@1.0.0:
    resolution: {integrity: sha1-btpL00SjyUrqN21MwxvHcxEDngk=}
    engines: {node: '>= 0.4'}

  tslib@2.6.2:
    resolution: {integrity: sha1-cDrClCXns3zW/UVukkBNRtHz5K4=}

  tslib@2.8.1:
    resolution: {integrity: sha1-YS7+TtI11Wfoq6Xypfq3AoCt6D8=}

  typescript@5.4.5:
    resolution: {integrity: sha1-QszvLFcf29D2cYsdH15uXvAG9hE=}
    engines: {node: '>=14.17'}
    hasBin: true

  undici-types@5.26.5:
    resolution: {integrity: sha1-vNU5iT0AtW6WT9JlekhmsiGmVhc=}

  use-isomorphic-layout-effect@1.2.0:
    resolution: {integrity: sha1-r7KS6yhMOSGejLjT1i1xmZNhoh0=}
    peerDependencies:
      '@types/react': '*'
      react: ^16.8.0 || ^17.0.0 || ^18.0.0 || ^19.0.0
    peerDependenciesMeta:
      '@types/react':
        optional: true

  uuid@8.3.2:
    resolution: {integrity: sha1-gNW1ztJxu5r2xEXyGhoExgbO++I=}
    hasBin: true

  yallist@4.0.0:
    resolution: {integrity: sha1-m7knkNnA7/7GO+c1GeEaNQGaOnI=}

  yaml@1.10.2:
    resolution: {integrity: sha1-IwHF/78StGfejaIzOkWeKeeSDks=}
    engines: {node: '>= 6'}

snapshots:

  '@babel/code-frame@7.26.2':
    dependencies:
      '@babel/helper-validator-identifier': 7.25.9
      js-tokens: 4.0.0
      picocolors: 1.1.1

  '@babel/generator@7.26.8':
    dependencies:
      '@babel/parser': 7.26.8
      '@babel/types': 7.26.8
      '@jridgewell/gen-mapping': 0.3.8
      '@jridgewell/trace-mapping': 0.3.25
      jsesc: 3.1.0

  '@babel/helper-module-imports@7.25.9':
    dependencies:
      '@babel/traverse': 7.26.8
      '@babel/types': 7.26.8
    transitivePeerDependencies:
      - supports-color

  '@babel/helper-string-parser@7.25.9': {}

  '@babel/helper-validator-identifier@7.25.9': {}

  '@babel/parser@7.26.8':
    dependencies:
      '@babel/types': 7.26.8

  '@babel/runtime@7.26.7':
    dependencies:
      regenerator-runtime: 0.14.1

  '@babel/template@7.26.8':
    dependencies:
      '@babel/code-frame': 7.26.2
      '@babel/parser': 7.26.8
      '@babel/types': 7.26.8

  '@babel/traverse@7.26.8':
    dependencies:
      '@babel/code-frame': 7.26.2
      '@babel/generator': 7.26.8
      '@babel/parser': 7.26.8
      '@babel/template': 7.26.8
      '@babel/types': 7.26.8
      debug: 4.4.0
      globals: 11.12.0
    transitivePeerDependencies:
      - supports-color

  '@babel/types@7.26.8':
    dependencies:
      '@babel/helper-string-parser': 7.25.9
      '@babel/helper-validator-identifier': 7.25.9

  '@emotion/babel-plugin@11.13.5':
    dependencies:
      '@babel/helper-module-imports': 7.25.9
      '@babel/runtime': 7.26.7
      '@emotion/hash': 0.9.2
      '@emotion/memoize': 0.9.0
      '@emotion/serialize': 1.3.3
      babel-plugin-macros: 3.1.0
      convert-source-map: 1.9.0
      escape-string-regexp: 4.0.0
      find-root: 1.1.0
      source-map: 0.5.7
      stylis: 4.2.0
    transitivePeerDependencies:
      - supports-color

  '@emotion/cache@11.14.0':
    dependencies:
      '@emotion/memoize': 0.9.0
      '@emotion/sheet': 1.4.0
      '@emotion/utils': 1.4.2
      '@emotion/weak-memoize': 0.4.0
      stylis: 4.2.0

  '@emotion/hash@0.9.2': {}

  '@emotion/is-prop-valid@1.2.2':
    dependencies:
      '@emotion/memoize': 0.8.1

  '@emotion/memoize@0.8.1': {}

  '@emotion/memoize@0.9.0': {}

  '@emotion/react@11.14.0(@types/react@18.2.79)(react@18.2.0)':
    dependencies:
      '@babel/runtime': 7.26.7
      '@emotion/babel-plugin': 11.13.5
      '@emotion/cache': 11.14.0
      '@emotion/serialize': 1.3.3
      '@emotion/use-insertion-effect-with-fallbacks': 1.2.0(react@18.2.0)
      '@emotion/utils': 1.4.2
      '@emotion/weak-memoize': 0.4.0
      hoist-non-react-statics: 3.3.2
      react: 18.2.0
    optionalDependencies:
      '@types/react': 18.2.79
    transitivePeerDependencies:
      - supports-color

  '@emotion/serialize@1.3.3':
    dependencies:
      '@emotion/hash': 0.9.2
      '@emotion/memoize': 0.9.0
      '@emotion/unitless': 0.10.0
      '@emotion/utils': 1.4.2
      csstype: 3.1.3

  '@emotion/sheet@1.4.0': {}

  '@emotion/unitless@0.10.0': {}

  '@emotion/unitless@0.8.1': {}

  '@emotion/use-insertion-effect-with-fallbacks@1.2.0(react@18.2.0)':
    dependencies:
      react: 18.2.0

  '@emotion/utils@1.4.2': {}

  '@emotion/weak-memoize@0.4.0': {}

  '@floating-ui/core@1.6.9':
    dependencies:
      '@floating-ui/utils': 0.2.9

  '@floating-ui/dom@1.6.13':
    dependencies:
      '@floating-ui/core': 1.6.9
      '@floating-ui/utils': 0.2.9

  '@floating-ui/utils@0.2.9': {}

  '@jridgewell/gen-mapping@0.3.8':
    dependencies:
      '@jridgewell/set-array': 1.2.1
      '@jridgewell/sourcemap-codec': 1.5.0
      '@jridgewell/trace-mapping': 0.3.25

  '@jridgewell/resolve-uri@3.1.2': {}

  '@jridgewell/set-array@1.2.1': {}

  '@jridgewell/sourcemap-codec@1.5.0': {}

  '@jridgewell/trace-mapping@0.3.25':
    dependencies:
      '@jridgewell/resolve-uri': 3.1.2
      '@jridgewell/sourcemap-codec': 1.5.0

  '@juggle/resize-observer@3.4.0': {}

  '@next/env@14.2.2': {}

  '@next/swc-darwin-arm64@14.2.2':
    optional: true

  '@next/swc-darwin-x64@14.2.2':
    optional: true

  '@next/swc-linux-arm64-gnu@14.2.2':
    optional: true

  '@next/swc-linux-arm64-musl@14.2.2':
    optional: true

  '@next/swc-linux-x64-gnu@14.2.2':
    optional: true

  '@next/swc-linux-x64-musl@14.2.2':
    optional: true

  '@next/swc-win32-arm64-msvc@14.2.2':
    optional: true

  '@next/swc-win32-ia32-msvc@14.2.2':
    optional: true

  '@next/swc-win32-x64-msvc@14.2.2':
    optional: true

  '@panva/hkdf@1.2.1': {}

  '@rsuite/icon-font@4.1.0': {}

  '@rsuite/icons@1.3.0(react-dom@18.2.0(react@18.2.0))(react@18.2.0)':
    dependencies:
      '@rsuite/icon-font': 4.1.0
      classnames: 2.5.1
      react: 18.2.0
      react-dom: 18.2.0(react@18.2.0)

  '@swc/counter@0.1.3': {}

  '@swc/helpers@0.5.5':
    dependencies:
      '@swc/counter': 0.1.3
      tslib: 2.8.1

  '@types/lodash@4.17.15': {}

  '@types/node@20.12.7':
    dependencies:
      undici-types: 5.26.5

  '@types/parse-json@4.0.2': {}

  '@types/prop-types@15.7.14': {}

  '@types/react-transition-group@4.4.12(@types/react@18.2.79)':
    dependencies:
      '@types/react': 18.2.79

  '@types/react-window@1.8.8':
    dependencies:
      '@types/react': 18.2.79

  '@types/react@18.2.79':
    dependencies:
      '@types/prop-types': 15.7.14
      csstype: 3.1.3

  '@types/stylis@4.2.5': {}

  asynckit@0.4.0: {}

  axios@1.7.9:
    dependencies:
      follow-redirects: 1.15.9
      form-data: 4.0.1
      proxy-from-env: 1.1.0
    transitivePeerDependencies:
      - debug

  babel-plugin-macros@3.1.0:
    dependencies:
      '@babel/runtime': 7.26.7
      cosmiconfig: 7.1.0
      resolve: 1.22.10

  busboy@1.6.0:
    dependencies:
      streamsearch: 1.1.0

  callsites@3.1.0: {}

  camelize@1.0.1: {}

  caniuse-lite@1.0.30001699: {}

  classnames@2.5.1: {}

  client-only@0.0.1: {}

  clsx@2.1.1: {}

  combined-stream@1.0.8:
    dependencies:
      delayed-stream: 1.0.0

  convert-source-map@1.9.0: {}

  cookie@0.7.2: {}

  cosmiconfig@7.1.0:
    dependencies:
      '@types/parse-json': 4.0.2
      import-fresh: 3.3.1
      parse-json: 5.2.0
      path-type: 4.0.0
      yaml: 1.10.2

  css-color-keywords@1.0.0: {}

  css-to-react-native@3.2.0:
    dependencies:
      camelize: 1.0.1
      css-color-keywords: 1.0.0
      postcss-value-parser: 4.2.0

  csstype@3.1.3: {}

  date-fns@2.30.0:
    dependencies:
      '@babel/runtime': 7.26.7

  date-fns@3.6.0: {}

  debug@4.4.0:
    dependencies:
      ms: 2.1.3

  delayed-stream@1.0.0: {}

  dom-helpers@5.2.1:
    dependencies:
      '@babel/runtime': 7.26.7
      csstype: 3.1.3

  dom-lib@3.3.2:
    dependencies:
      '@babel/runtime': 7.26.7

  error-ex@1.3.2:
    dependencies:
      is-arrayish: 0.2.1

  escape-string-regexp@4.0.0: {}

  find-root@1.1.0: {}

  follow-redirects@1.15.9: {}

  form-data@4.0.1:
    dependencies:
      asynckit: 0.4.0
      combined-stream: 1.0.8
      mime-types: 2.1.35

  framer-motion@11.18.2(@emotion/is-prop-valid@1.2.2)(react-dom@18.2.0(react@18.2.0))(react@18.2.0):
    dependencies:
      motion-dom: 11.18.1
      motion-utils: 11.18.1
      tslib: 2.8.1
    optionalDependencies:
      '@emotion/is-prop-valid': 1.2.2
      react: 18.2.0
      react-dom: 18.2.0(react@18.2.0)

  function-bind@1.1.2: {}

  globals@11.12.0: {}

  graceful-fs@4.2.11: {}

  hasown@2.0.2:
    dependencies:
      function-bind: 1.1.2

  hoist-non-react-statics@3.3.2:
    dependencies:
      react-is: 16.13.1

  import-fresh@3.3.1:
    dependencies:
      parent-module: 1.0.1
      resolve-from: 4.0.0

  is-arrayish@0.2.1: {}

  is-core-module@2.16.1:
    dependencies:
      hasown: 2.0.2

  jose@4.15.9: {}

  js-tokens@4.0.0: {}

  jsesc@3.1.0: {}

  json-parse-even-better-errors@2.3.1: {}

  lines-and-columns@1.2.4: {}

  lodash@4.17.21: {}

  loose-envify@1.4.0:
    dependencies:
      js-tokens: 4.0.0

  lru-cache@6.0.0:
    dependencies:
      yallist: 4.0.0

  memoize-one@5.2.1: {}

  memoize-one@6.0.0: {}

  mime-db@1.52.0: {}

  mime-types@2.1.35:
    dependencies:
      mime-db: 1.52.0

  motion-dom@11.18.1:
    dependencies:
      motion-utils: 11.18.1

  motion-utils@11.18.1: {}

  ms@2.1.3: {}

  nanoid@3.3.8: {}

  next-auth@4.24.11(next@14.2.2(react-dom@18.2.0(react@18.2.0))(react@18.2.0))(react-dom@18.2.0(react@18.2.0))(react@18.2.0):
    dependencies:
      '@babel/runtime': 7.26.7
      '@panva/hkdf': 1.2.1
      cookie: 0.7.2
      jose: 4.15.9
      next: 14.2.2(react-dom@18.2.0(react@18.2.0))(react@18.2.0)
      oauth: 0.9.15
      openid-client: 5.7.1
      preact: 10.25.4
      preact-render-to-string: 5.2.6(preact@10.25.4)
      react: 18.2.0
      react-dom: 18.2.0(react@18.2.0)
      uuid: 8.3.2

  next@14.2.2(react-dom@18.2.0(react@18.2.0))(react@18.2.0):
    dependencies:
      '@next/env': 14.2.2
      '@swc/helpers': 0.5.5
      busboy: 1.6.0
      caniuse-lite: 1.0.30001699
      graceful-fs: 4.2.11
      postcss: 8.4.31
      react: 18.2.0
      react-dom: 18.2.0(react@18.2.0)
      styled-jsx: 5.1.1(react@18.2.0)
    optionalDependencies:
      '@next/swc-darwin-arm64': 14.2.2
      '@next/swc-darwin-x64': 14.2.2
      '@next/swc-linux-arm64-gnu': 14.2.2
      '@next/swc-linux-arm64-musl': 14.2.2
      '@next/swc-linux-x64-gnu': 14.2.2
      '@next/swc-linux-x64-musl': 14.2.2
      '@next/swc-win32-arm64-msvc': 14.2.2
      '@next/swc-win32-ia32-msvc': 14.2.2
      '@next/swc-win32-x64-msvc': 14.2.2
    transitivePeerDependencies:
      - '@babel/core'
      - babel-plugin-macros

  oauth@0.9.15: {}

  object-assign@4.1.1: {}

  object-hash@2.2.0: {}

  oidc-token-hash@5.0.3: {}

  openid-client@5.7.1:
    dependencies:
      jose: 4.15.9
      lru-cache: 6.0.0
      object-hash: 2.2.0
      oidc-token-hash: 5.0.3

  parent-module@1.0.1:
    dependencies:
      callsites: 3.1.0

  parse-json@5.2.0:
    dependencies:
      '@babel/code-frame': 7.26.2
      error-ex: 1.3.2
      json-parse-even-better-errors: 2.3.1
      lines-and-columns: 1.2.4

  path-parse@1.0.7: {}

  path-type@4.0.0: {}

  picocolors@1.1.1: {}

  postcss-value-parser@4.2.0: {}

  postcss@8.4.31:
    dependencies:
      nanoid: 3.3.8
      picocolors: 1.1.1
      source-map-js: 1.2.1

  postcss@8.4.49:
    dependencies:
      nanoid: 3.3.8
      picocolors: 1.1.1
      source-map-js: 1.2.1

  preact-render-to-string@5.2.6(preact@10.25.4):
    dependencies:
      preact: 10.25.4
      pretty-format: 3.8.0

  preact@10.25.4: {}

  pretty-format@3.8.0: {}

  prop-types@15.8.1:
    dependencies:
      loose-envify: 1.4.0
      object-assign: 4.1.1
      react-is: 16.13.1

  proxy-from-env@1.1.0: {}

  react-dom@18.2.0(react@18.2.0):
    dependencies:
      loose-envify: 1.4.0
      react: 18.2.0
      scheduler: 0.23.2

  react-hook-form@7.54.2(react@18.2.0):
    dependencies:
      react: 18.2.0

  react-icons@5.4.0(react@18.2.0):
    dependencies:
      react: 18.2.0

  react-is@16.13.1: {}

  react-is@17.0.2: {}

  react-select@5.10.0(@types/react@18.2.79)(react-dom@18.2.0(react@18.2.0))(react@18.2.0):
    dependencies:
      '@babel/runtime': 7.26.7
      '@emotion/cache': 11.14.0
      '@emotion/react': 11.14.0(@types/react@18.2.79)(react@18.2.0)
      '@floating-ui/dom': 1.6.13
      '@types/react-transition-group': 4.4.12(@types/react@18.2.79)
      memoize-one: 6.0.0
      prop-types: 15.8.1
      react: 18.2.0
      react-dom: 18.2.0(react@18.2.0)
      react-transition-group: 4.4.5(react-dom@18.2.0(react@18.2.0))(react@18.2.0)
      use-isomorphic-layout-effect: 1.2.0(@types/react@18.2.79)(react@18.2.0)
    transitivePeerDependencies:
      - '@types/react'
      - supports-color

  react-switch@7.1.0(react-dom@18.2.0(react@18.2.0))(react@18.2.0):
    dependencies:
      prop-types: 15.8.1
      react: 18.2.0
      react-dom: 18.2.0(react@18.2.0)

  react-toastify@10.0.6(react-dom@18.2.0(react@18.2.0))(react@18.2.0):
    dependencies:
      clsx: 2.1.1
      react: 18.2.0
      react-dom: 18.2.0(react@18.2.0)

  react-transition-group@4.4.5(react-dom@18.2.0(react@18.2.0))(react@18.2.0):
    dependencies:
      '@babel/runtime': 7.26.7
      dom-helpers: 5.2.1
      loose-envify: 1.4.0
      prop-types: 15.8.1
      react: 18.2.0
      react-dom: 18.2.0(react@18.2.0)

  react-use-set@1.0.0(react@18.2.0):
    dependencies:
      react: 18.2.0

  react-window@1.8.11(react-dom@18.2.0(react@18.2.0))(react@18.2.0):
    dependencies:
      '@babel/runtime': 7.26.7
      memoize-one: 5.2.1
      react: 18.2.0
      react-dom: 18.2.0(react@18.2.0)

  react@18.2.0:
    dependencies:
      loose-envify: 1.4.0

  regenerator-runtime@0.14.1: {}

  resolve-from@4.0.0: {}

  resolve@1.22.10:
    dependencies:
      is-core-module: 2.16.1
      path-parse: 1.0.7
      supports-preserve-symlinks-flag: 1.0.0

  rsuite-table@5.19.1(prop-types@15.8.1)(react-dom@18.2.0(react@18.2.0))(react@18.2.0):
    dependencies:
      '@babel/runtime': 7.26.7
      '@juggle/resize-observer': 3.4.0
      '@rsuite/icons': 1.3.0(react-dom@18.2.0(react@18.2.0))(react@18.2.0)
      classnames: 2.5.1
      dom-lib: 3.3.2
      lodash: 4.17.21
      prop-types: 15.8.1
      react: 18.2.0
      react-dom: 18.2.0(react@18.2.0)
      react-is: 17.0.2

  rsuite@5.77.1(react-dom@18.2.0(react@18.2.0))(react@18.2.0):
    dependencies:
      '@babel/runtime': 7.26.7
      '@juggle/resize-observer': 3.4.0
      '@rsuite/icons': 1.3.0(react-dom@18.2.0(react@18.2.0))(react@18.2.0)
      '@types/lodash': 4.17.15
      '@types/prop-types': 15.7.14
      '@types/react-window': 1.8.8
      classnames: 2.5.1
      date-fns: 2.30.0
      dom-lib: 3.3.2
      lodash: 4.17.21
      prop-types: 15.8.1
      react: 18.2.0
      react-dom: 18.2.0(react@18.2.0)
      react-use-set: 1.0.0(react@18.2.0)
      react-window: 1.8.11(react-dom@18.2.0(react@18.2.0))(react@18.2.0)
      rsuite-table: 5.19.1(prop-types@15.8.1)(react-dom@18.2.0(react@18.2.0))(react@18.2.0)
      schema-typed: 2.3.0

  scheduler@0.23.2:
    dependencies:
      loose-envify: 1.4.0

  schema-typed@2.3.0:
    dependencies:
      lodash: 4.17.21

  shallowequal@1.1.0: {}

  source-map-js@1.2.1: {}

  source-map@0.5.7: {}

  streamsearch@1.1.0: {}

  styled-components@6.1.15(react-dom@18.2.0(react@18.2.0))(react@18.2.0):
    dependencies:
      '@emotion/is-prop-valid': 1.2.2
      '@emotion/unitless': 0.8.1
      '@types/stylis': 4.2.5
      css-to-react-native: 3.2.0
      csstype: 3.1.3
      postcss: 8.4.49
      react: 18.2.0
      react-dom: 18.2.0(react@18.2.0)
      shallowequal: 1.1.0
      stylis: 4.3.2
      tslib: 2.6.2

  styled-jsx@5.1.1(react@18.2.0):
    dependencies:
      client-only: 0.0.1
      react: 18.2.0

  styled-react-modal@3.1.1(react-dom@18.2.0(react@18.2.0))(react@18.2.0)(styled-components@6.1.15(react-dom@18.2.0(react@18.2.0))(react@18.2.0)):
    dependencies:
      prop-types: 15.8.1
      react: 18.2.0
      react-dom: 18.2.0(react@18.2.0)
      styled-components: 6.1.15(react-dom@18.2.0(react@18.2.0))(react@18.2.0)

  stylis@4.2.0: {}

  stylis@4.3.2: {}

  supports-preserve-symlinks-flag@1.0.0: {}

  tslib@2.6.2: {}

  tslib@2.8.1: {}

  typescript@5.4.5: {}

  undici-types@5.26.5: {}

  use-isomorphic-layout-effect@1.2.0(@types/react@18.2.79)(react@18.2.0):
    dependencies:
      react: 18.2.0
    optionalDependencies:
      '@types/react': 18.2.79

  uuid@8.3.2: {}

  yallist@4.0.0: {}

  yaml@1.10.2: {}
